// !$*UTF8*$!
{
	archiveVersion = 1;
	classes = {
	};
	objectVersion = 52;
	objects = {

/* Begin PBXBuildFile section */
		4C71188A741E4519E9B383B5 /* Pods_EdvoraAssessment.framework in Frameworks */ = {isa = PBXBuildFile; fileRef = 3132D1D6AC5BC1B6CEEA1DDB /* Pods_EdvoraAssessment.framework */; };
		D7A1F58127B453EB0036F12D /* SDWebImageSwiftUI in Frameworks */ = {isa = PBXBuildFile; productRef = D7A1F58027B453EB0036F12D /* SDWebImageSwiftUI */; };
		D7BD540C27B541FD003B34D9 /* NavigationBarView.swift in Sources */ = {isa = PBXBuildFile; fileRef = D7BD540B27B541FD003B34D9 /* NavigationBarView.swift */; };
		D7CD751C27B160BC004189D6 /* AppDelegate.swift in Sources */ = {isa = PBXBuildFile; fileRef = D7CD751B27B160BC004189D6 /* AppDelegate.swift */; };
		D7CD751E27B160BC004189D6 /* SceneDelegate.swift in Sources */ = {isa = PBXBuildFile; fileRef = D7CD751D27B160BC004189D6 /* SceneDelegate.swift */; };
		D7CD752027B160BC004189D6 /* ContentView.swift in Sources */ = {isa = PBXBuildFile; fileRef = D7CD751F27B160BC004189D6 /* ContentView.swift */; };
		D7CD752527B160BD004189D6 /* Preview Assets.xcassets in Resources */ = {isa = PBXBuildFile; fileRef = D7CD752427B160BD004189D6 /* Preview Assets.xcassets */; };
		D7CD752827B160BD004189D6 /* LaunchScreen.storyboard in Resources */ = {isa = PBXBuildFile; fileRef = D7CD752627B160BD004189D6 /* LaunchScreen.storyboard */; };
		D7CD753027B16DDE004189D6 /* K.swift in Sources */ = {isa = PBXBuildFile; fileRef = D7CD752F27B16DDE004189D6 /* K.swift */; };
		D7CD753227B1968D004189D6 /* APIDataManager.swift in Sources */ = {isa = PBXBuildFile; fileRef = D7CD753127B1968D004189D6 /* APIDataManager.swift */; };
		D7F802A827B2C2DA0050BFF1 /* Product.swift in Sources */ = {isa = PBXBuildFile; fileRef = D7F802A727B2C2DA0050BFF1 /* Product.swift */; };
		D7F802AA27B2C5D20050BFF1 /* Category.swift in Sources */ = {isa = PBXBuildFile; fileRef = D7F802A927B2C5D20050BFF1 /* Category.swift */; };
		D7F802B227B307600050BFF1 /* Assets.xcassets in Resources */ = {isa = PBXBuildFile; fileRef = D7F802B127B307600050BFF1 /* Assets.xcassets */; };
		D7F802B427B343BB0050BFF1 /* FiltersView.swift in Sources */ = {isa = PBXBuildFile; fileRef = D7F802B327B343BB0050BFF1 /* FiltersView.swift */; };
/* End PBXBuildFile section */

/* Begin PBXFileReference section */
		2ACADCD3934390A3B6B0F162 /* Pods-EdvoraAssessment.debug.xcconfig */ = {isa = PBXFileReference; includeInIndex = 1; lastKnownFileType = text.xcconfig; name = "Pods-EdvoraAssessment.debug.xcconfig"; path = "Target Support Files/Pods-EdvoraAssessment/Pods-EdvoraAssessment.debug.xcconfig"; sourceTree = "<group>"; };
		3132D1D6AC5BC1B6CEEA1DDB /* Pods_EdvoraAssessment.framework */ = {isa = PBXFileReference; explicitFileType = wrapper.framework; includeInIndex = 0; path = Pods_EdvoraAssessment.framework; sourceTree = BUILT_PRODUCTS_DIR; };
		6ACA3CF9580317E51CA759B2 /* Pods-EdvoraAssessment.release.xcconfig */ = {isa = PBXFileReference; includeInIndex = 1; lastKnownFileType = text.xcconfig; name = "Pods-EdvoraAssessment.release.xcconfig"; path = "Target Support Files/Pods-EdvoraAssessment/Pods-EdvoraAssessment.release.xcconfig"; sourceTree = "<group>"; };
		D7BD540B27B541FD003B34D9 /* NavigationBarView.swift */ = {isa = PBXFileReference; lastKnownFileType = sourcecode.swift; path = NavigationBarView.swift; sourceTree = "<group>"; };
		D7CD751827B160BC004189D6 /* EdvoraAssessment.app */ = {isa = PBXFileReference; explicitFileType = wrapper.application; includeInIndex = 0; path = EdvoraAssessment.app; sourceTree = BUILT_PRODUCTS_DIR; };
		D7CD751B27B160BC004189D6 /* AppDelegate.swift */ = {isa = PBXFileReference; lastKnownFileType = sourcecode.swift; path = AppDelegate.swift; sourceTree = "<group>"; };
		D7CD751D27B160BC004189D6 /* SceneDelegate.swift */ = {isa = PBXFileReference; lastKnownFileType = sourcecode.swift; path = SceneDelegate.swift; sourceTree = "<group>"; };
		D7CD751F27B160BC004189D6 /* ContentView.swift */ = {isa = PBXFileReference; lastKnownFileType = sourcecode.swift; path = ContentView.swift; sourceTree = "<group>"; };
		D7CD752427B160BD004189D6 /* Preview Assets.xcassets */ = {isa = PBXFileReference; lastKnownFileType = folder.assetcatalog; path = "Preview Assets.xcassets"; sourceTree = "<group>"; };
		D7CD752727B160BD004189D6 /* Base */ = {isa = PBXFileReference; lastKnownFileType = file.storyboard; name = Base; path = Base.lproj/LaunchScreen.storyboard; sourceTree = "<group>"; };
		D7CD752927B160BD004189D6 /* Info.plist */ = {isa = PBXFileReference; lastKnownFileType = text.plist.xml; path = Info.plist; sourceTree = "<group>"; };
		D7CD752F27B16DDE004189D6 /* K.swift */ = {isa = PBXFileReference; lastKnownFileType = sourcecode.swift; path = K.swift; sourceTree = "<group>"; };
		D7CD753127B1968D004189D6 /* APIDataManager.swift */ = {isa = PBXFileReference; lastKnownFileType = sourcecode.swift; path = APIDataManager.swift; sourceTree = "<group>"; };
		D7F802A727B2C2DA0050BFF1 /* Product.swift */ = {isa = PBXFileReference; fileEncoding = 4; lastKnownFileType = sourcecode.swift; path = Product.swift; sourceTree = "<group>"; };
		D7F802A927B2C5D20050BFF1 /* Category.swift */ = {isa = PBXFileReference; lastKnownFileType = sourcecode.swift; path = Category.swift; sourceTree = "<group>"; };
		D7F802B127B307600050BFF1 /* Assets.xcassets */ = {isa = PBXFileReference; lastKnownFileType = folder.assetcatalog; path = Assets.xcassets; sourceTree = "<group>"; };
		D7F802B327B343BB0050BFF1 /* FiltersView.swift */ = {isa = PBXFileReference; lastKnownFileType = sourcecode.swift; path = FiltersView.swift; sourceTree = "<group>"; };
/* End PBXFileReference section */

/* Begin PBXFrameworksBuildPhase section */
		D7CD751527B160BC004189D6 /* Frameworks */ = {
			isa = PBXFrameworksBuildPhase;
			buildActionMask = 2147483647;
			files = (
				D7A1F58127B453EB0036F12D /* SDWebImageSwiftUI in Frameworks */,
				4C71188A741E4519E9B383B5 /* Pods_EdvoraAssessment.framework in Frameworks */,
			);
			runOnlyForDeploymentPostprocessing = 0;
		};
/* End PBXFrameworksBuildPhase section */

/* Begin PBXGroup section */
		277E227708C0A1090269B388 /* Frameworks */ = {
			isa = PBXGroup;
			children = (
				3132D1D6AC5BC1B6CEEA1DDB /* Pods_EdvoraAssessment.framework */,
			);
			name = Frameworks;
			sourceTree = "<group>";
		};
		5994999C606A56BDF69FE211 /* Pods */ = {
			isa = PBXGroup;
			children = (
				2ACADCD3934390A3B6B0F162 /* Pods-EdvoraAssessment.debug.xcconfig */,
				6ACA3CF9580317E51CA759B2 /* Pods-EdvoraAssessment.release.xcconfig */,
			);
			name = Pods;
			path = Pods;
			sourceTree = "<group>";
		};
		D7CD750F27B160BC004189D6 = {
			isa = PBXGroup;
			children = (
				D7CD751A27B160BC004189D6 /* EdvoraAssessment */,
				D7CD751927B160BC004189D6 /* Products */,
				5994999C606A56BDF69FE211 /* Pods */,
				277E227708C0A1090269B388 /* Frameworks */,
			);
			sourceTree = "<group>";
		};
		D7CD751927B160BC004189D6 /* Products */ = {
			isa = PBXGroup;
			children = (
				D7CD751827B160BC004189D6 /* EdvoraAssessment.app */,
			);
			name = Products;
			sourceTree = "<group>";
		};
		D7CD751A27B160BC004189D6 /* EdvoraAssessment */ = {
			isa = PBXGroup;
			children = (
				D7CD752F27B16DDE004189D6 /* K.swift */,
				D7CD751B27B160BC004189D6 /* AppDelegate.swift */,
				D7CD751D27B160BC004189D6 /* SceneDelegate.swift */,
				D7CD753927B1A1A3004189D6 /* View */,
				D7CD753327B1983B004189D6 /* Model */,
				D7CD752627B160BD004189D6 /* LaunchScreen.storyboard */,
				D7CD752927B160BD004189D6 /* Info.plist */,
				D7F802B127B307600050BFF1 /* Assets.xcassets */,
				D7CD752327B160BD004189D6 /* Preview Content */,
			);
			path = EdvoraAssessment;
			sourceTree = "<group>";
		};
		D7CD752327B160BD004189D6 /* Preview Content */ = {
			isa = PBXGroup;
			children = (
				D7CD752427B160BD004189D6 /* Preview Assets.xcassets */,
			);
			path = "Preview Content";
			sourceTree = "<group>";
		};
		D7CD753327B1983B004189D6 /* Model */ = {
			isa = PBXGroup;
			children = (
				D7CD753127B1968D004189D6 /* APIDataManager.swift */,
			);
			path = Model;
			sourceTree = "<group>";
		};
		D7CD753927B1A1A3004189D6 /* View */ = {
			isa = PBXGroup;
			children = (
				D7CD751F27B160BC004189D6 /* ContentView.swift */,
				D7F802A927B2C5D20050BFF1 /* Category.swift */,
				D7F802A727B2C2DA0050BFF1 /* Product.swift */,
				D7F802B327B343BB0050BFF1 /* FiltersView.swift */,
				D7BD540B27B541FD003B34D9 /* NavigationBarView.swift */,
			);
			path = View;
			sourceTree = "<group>";
		};
/* End PBXGroup section */

/* Begin PBXNativeTarget section */
		D7CD751727B160BC004189D6 /* EdvoraAssessment */ = {
			isa = PBXNativeTarget;
			buildConfigurationList = D7CD752C27B160BD004189D6 /* Build configuration list for PBXNativeTarget "EdvoraAssessment" */;
			buildPhases = (
				F28BBF77B87749EC040E283F /* [CP] Check Pods Manifest.lock */,
				D7CD751427B160BC004189D6 /* Sources */,
				D7CD751527B160BC004189D6 /* Frameworks */,
				D7CD751627B160BC004189D6 /* Resources */,
				BBE13DC1AE4FC29E3172EC20 /* [CP] Embed Pods Frameworks */,
			);
			buildRules = (
			);
			dependencies = (
			);
			name = EdvoraAssessment;
			packageProductDependencies = (
				D7A1F58027B453EB0036F12D /* SDWebImageSwiftUI */,
			);
			productName = EdvoraAssessment;
			productReference = D7CD751827B160BC004189D6 /* EdvoraAssessment.app */;
			productType = "com.apple.product-type.application";
		};
/* End PBXNativeTarget section */

/* Begin PBXProject section */
		D7CD751027B160BC004189D6 /* Project object */ = {
			isa = PBXProject;
			attributes = {
				LastSwiftUpdateCheck = 1130;
				LastUpgradeCheck = 1130;
				ORGANIZATIONNAME = ReyadiOS;
				TargetAttributes = {
					D7CD751727B160BC004189D6 = {
						CreatedOnToolsVersion = 11.3.1;
					};
				};
			};
			buildConfigurationList = D7CD751327B160BC004189D6 /* Build configuration list for PBXProject "EdvoraAssessment" */;
			compatibilityVersion = "Xcode 11.0";
			developmentRegion = en;
			hasScannedForEncodings = 0;
			knownRegions = (
				en,
				Base,
			);
			mainGroup = D7CD750F27B160BC004189D6;
			packageReferences = (
				D7A1F57F27B453EB0036F12D /* XCRemoteSwiftPackageReference "SDWebImageSwiftUI.git" */,
			);
			productRefGroup = D7CD751927B160BC004189D6 /* Products */;
			projectDirPath = "";
			projectRoot = "";
			targets = (
				D7CD751727B160BC004189D6 /* EdvoraAssessment */,
			);
		};
/* End PBXProject section */

/* Begin PBXResourcesBuildPhase section */
		D7CD751627B160BC004189D6 /* Resources */ = {
			isa = PBXResourcesBuildPhase;
			buildActionMask = 2147483647;
			files = (
				D7CD752827B160BD004189D6 /* LaunchScreen.storyboard in Resources */,
				D7F802B227B307600050BFF1 /* Assets.xcassets in Resources */,
				D7CD752527B160BD004189D6 /* Preview Assets.xcassets in Resources */,
			);
			runOnlyForDeploymentPostprocessing = 0;
		};
/* End PBXResourcesBuildPhase section */

/* Begin PBXShellScriptBuildPhase section */
		BBE13DC1AE4FC29E3172EC20 /* [CP] Embed Pods Frameworks */ = {
			isa = PBXShellScriptBuildPhase;
			buildActionMask = 2147483647;
			files = (
			);
			inputFileListPaths = (
				"${PODS_ROOT}/Target Support Files/Pods-EdvoraAssessment/Pods-EdvoraAssessment-frameworks-${CONFIGURATION}-input-files.xcfilelist",
			);
			name = "[CP] Embed Pods Frameworks";
			outputFileListPaths = (
				"${PODS_ROOT}/Target Support Files/Pods-EdvoraAssessment/Pods-EdvoraAssessment-frameworks-${CONFIGURATION}-output-files.xcfilelist",
			);
			runOnlyForDeploymentPostprocessing = 0;
			shellPath = /bin/sh;
			shellScript = "\"${PODS_ROOT}/Target Support Files/Pods-EdvoraAssessment/Pods-EdvoraAssessment-frameworks.sh\"\n";
			showEnvVarsInLog = 0;
		};
		F28BBF77B87749EC040E283F /* [CP] Check Pods Manifest.lock */ = {
			isa = PBXShellScriptBuildPhase;
			buildActionMask = 2147483647;
			files = (
			);
			inputFileListPaths = (
			);
			inputPaths = (
				"${PODS_PODFILE_DIR_PATH}/Podfile.lock",
				"${PODS_ROOT}/Manifest.lock",
			);
			name = "[CP] Check Pods Manifest.lock";
			outputFileListPaths = (
			);
			outputPaths = (
				"$(DERIVED_FILE_DIR)/Pods-EdvoraAssessment-checkManifestLockResult.txt",
			);
			runOnlyForDeploymentPostprocessing = 0;
			shellPath = /bin/sh;
			shellScript = "diff \"${PODS_PODFILE_DIR_PATH}/Podfile.lock\" \"${PODS_ROOT}/Manifest.lock\" > /dev/null\nif [ $? != 0 ] ; then\n    # print error to STDERR\n    echo \"error: The sandbox is not in sync with the Podfile.lock. Run 'pod install' or update your CocoaPods installation.\" >&2\n    exit 1\nfi\n# This output is used by Xcode 'outputs' to avoid re-running this script phase.\necho \"SUCCESS\" > \"${SCRIPT_OUTPUT_FILE_0}\"\n";
			showEnvVarsInLog = 0;
		};
/* End PBXShellScriptBuildPhase section */

/* Begin PBXSourcesBuildPhase section */
		D7CD751427B160BC004189D6 /* Sources */ = {
			isa = PBXSourcesBuildPhase;
			buildActionMask = 2147483647;
			files = (
				D7CD751C27B160BC004189D6 /* AppDelegate.swift in Sources */,
				D7CD753027B16DDE004189D6 /* K.swift in Sources */,
				D7CD753227B1968D004189D6 /* APIDataManager.swift in Sources */,
				D7CD751E27B160BC004189D6 /* SceneDelegate.swift in Sources */,
				D7F802B427B343BB0050BFF1 /* FiltersView.swift in Sources */,
				D7F802A827B2C2DA0050BFF1 /* Product.swift in Sources */,
				D7F802AA27B2C5D20050BFF1 /* Category.swift in Sources */,
				D7CD752027B160BC004189D6 /* ContentView.swift in Sources */,
				D7BD540C27B541FD003B34D9 /* NavigationBarView.swift in Sources */,
			);
			runOnlyForDeploymentPostprocessing = 0;
		};
/* End PBXSourcesBuildPhase section */

/* Begin PBXVariantGroup section */
		D7CD752627B160BD004189D6 /* LaunchScreen.storyboard */ = {
			isa = PBXVariantGroup;
			children = (
				D7CD752727B160BD004189D6 /* Base */,
			);
			name = LaunchScreen.storyboard;
			sourceTree = "<group>";
		};
/* End PBXVariantGroup section */

/* Begin XCBuildConfiguration section */
		D7CD752A27B160BD004189D6 /* Debug */ = {
			isa = XCBuildConfiguration;
			buildSettings = {
				ALWAYS_SEARCH_USER_PATHS = NO;
				CLANG_ANALYZER_NONNULL = YES;
				CLANG_ANALYZER_NUMBER_OBJECT_CONVERSION = YES_AGGRESSIVE;
				CLANG_CXX_LANGUAGE_STANDARD = "gnu++14";
				CLANG_CXX_LIBRARY = "libc++";
				CLANG_ENABLE_MODULES = YES;
				CLANG_ENABLE_OBJC_ARC = YES;
				CLANG_ENABLE_OBJC_WEAK = YES;
				CLANG_WARN_BLOCK_CAPTURE_AUTORELEASING = YES;
				CLANG_WARN_BOOL_CONVERSION = YES;
				CLANG_WARN_COMMA = YES;
				CLANG_WARN_CONSTANT_CONVERSION = YES;
				CLANG_WARN_DEPRECATED_OBJC_IMPLEMENTATIONS = YES;
				CLANG_WARN_DIRECT_OBJC_ISA_USAGE = YES_ERROR;
				CLANG_WARN_DOCUMENTATION_COMMENTS = YES;
				CLANG_WARN_EMPTY_BODY = YES;
				CLANG_WARN_ENUM_CONVERSION = YES;
				CLANG_WARN_INFINITE_RECURSION = YES;
				CLANG_WARN_INT_CONVERSION = YES;
				CLANG_WARN_NON_LITERAL_NULL_CONVERSION = YES;
				CLANG_WARN_OBJC_IMPLICIT_RETAIN_SELF = YES;
				CLANG_WARN_OBJC_LITERAL_CONVERSION = YES;
				CLANG_WARN_OBJC_ROOT_CLASS = YES_ERROR;
				CLANG_WARN_RANGE_LOOP_ANALYSIS = YES;
				CLANG_WARN_STRICT_PROTOTYPES = YES;
				CLANG_WARN_SUSPICIOUS_MOVE = YES;
				CLANG_WARN_UNGUARDED_AVAILABILITY = YES_AGGRESSIVE;
				CLANG_WARN_UNREACHABLE_CODE = YES;
				CLANG_WARN__DUPLICATE_METHOD_MATCH = YES;
				COPY_PHASE_STRIP = NO;
				DEBUG_INFORMATION_FORMAT = dwarf;
				ENABLE_STRICT_OBJC_MSGSEND = YES;
				ENABLE_TESTABILITY = YES;
				GCC_C_LANGUAGE_STANDARD = gnu11;
				GCC_DYNAMIC_NO_PIC = NO;
				GCC_NO_COMMON_BLOCKS = YES;
				GCC_OPTIMIZATION_LEVEL = 0;
				GCC_PREPROCESSOR_DEFINITIONS = (
					"DEBUG=1",
					"$(inherited)",
				);
				GCC_WARN_64_TO_32_BIT_CONVERSION = YES;
				GCC_WARN_ABOUT_RETURN_TYPE = YES_ERROR;
				GCC_WARN_UNDECLARED_SELECTOR = YES;
				GCC_WARN_UNINITIALIZED_AUTOS = YES_AGGRESSIVE;
				GCC_WARN_UNUSED_FUNCTION = YES;
				GCC_WARN_UNUSED_VARIABLE = YES;
				IPHONEOS_DEPLOYMENT_TARGET = 13.2;
				MTL_ENABLE_DEBUG_INFO = INCLUDE_SOURCE;
				MTL_FAST_MATH = YES;
				ONLY_ACTIVE_ARCH = YES;
				SDKROOT = iphoneos;
				SWIFT_ACTIVE_COMPILATION_CONDITIONS = DEBUG;
				SWIFT_OPTIMIZATION_LEVEL = "-Onone";
			};
			name = Debug;
		};
		D7CD752B27B160BD004189D6 /* Release */ = {
			isa = XCBuildConfiguration;
			buildSettings = {
				ALWAYS_SEARCH_USER_PATHS = NO;
				CLANG_ANALYZER_NONNULL = YES;
				CLANG_ANALYZER_NUMBER_OBJECT_CONVERSION = YES_AGGRESSIVE;
				CLANG_CXX_LANGUAGE_STANDARD = "gnu++14";
				CLANG_CXX_LIBRARY = "libc++";
				CLANG_ENABLE_MODULES = YES;
				CLANG_ENABLE_OBJC_ARC = YES;
				CLANG_ENABLE_OBJC_WEAK = YES;
				CLANG_WARN_BLOCK_CAPTURE_AUTORELEASING = YES;
				CLANG_WARN_BOOL_CONVERSION = YES;
				CLANG_WARN_COMMA = YES;
				CLANG_WARN_CONSTANT_CONVERSION = YES;
				CLANG_WARN_DEPRECATED_OBJC_IMPLEMENTATIONS = YES;
				CLANG_WARN_DIRECT_OBJC_ISA_USAGE = YES_ERROR;
				CLANG_WARN_DOCUMENTATION_COMMENTS = YES;
				CLANG_WARN_EMPTY_BODY = YES;
				CLANG_WARN_ENUM_CONVERSION = YES;
				CLANG_WARN_INFINITE_RECURSION = YES;
				CLANG_WARN_INT_CONVERSION = YES;
				CLANG_WARN_NON_LITERAL_NULL_CONVERSION = YES;
				CLANG_WARN_OBJC_IMPLICIT_RETAIN_SELF = YES;
				CLANG_WARN_OBJC_LITERAL_CONVERSION = YES;
				CLANG_WARN_OBJC_ROOT_CLASS = YES_ERROR;
				CLANG_WARN_RANGE_LOOP_ANALYSIS = YES;
				CLANG_WARN_STRICT_PROTOTYPES = YES;
				CLANG_WARN_SUSPICIOUS_MOVE = YES;
				CLANG_WARN_UNGUARDED_AVAILABILITY = YES_AGGRESSIVE;
				CLANG_WARN_UNREACHABLE_CODE = YES;
				CLANG_WARN__DUPLICATE_METHOD_MATCH = YES;
				COPY_PHASE_STRIP = NO;
				DEBUG_INFORMATION_FORMAT = "dwarf-with-dsym";
				ENABLE_NS_ASSERTIONS = NO;
				ENABLE_STRICT_OBJC_MSGSEND = YES;
				GCC_C_LANGUAGE_STANDARD = gnu11;
				GCC_NO_COMMON_BLOCKS = YES;
				GCC_WARN_64_TO_32_BIT_CONVERSION = YES;
				GCC_WARN_ABOUT_RETURN_TYPE = YES_ERROR;
				GCC_WARN_UNDECLARED_SELECTOR = YES;
				GCC_WARN_UNINITIALIZED_AUTOS = YES_AGGRESSIVE;
				GCC_WARN_UNUSED_FUNCTION = YES;
				GCC_WARN_UNUSED_VARIABLE = YES;
				IPHONEOS_DEPLOYMENT_TARGET = 13.2;
				MTL_ENABLE_DEBUG_INFO = NO;
				MTL_FAST_MATH = YES;
				SDKROOT = iphoneos;
				SWIFT_COMPILATION_MODE = wholemodule;
				SWIFT_OPTIMIZATION_LEVEL = "-O";
				VALIDATE_PRODUCT = YES;
			};
			name = Release;
		};
		D7CD752D27B160BD004189D6 /* Debug */ = {
			isa = XCBuildConfiguration;
			baseConfigurationReference = 2ACADCD3934390A3B6B0F162 /* Pods-EdvoraAssessment.debug.xcconfig */;
			buildSettings = {
				ASSETCATALOG_COMPILER_APPICON_NAME = AppIcon;
				CODE_SIGN_STYLE = Automatic;
				DEVELOPMENT_ASSET_PATHS = "\"EdvoraAssessment/Preview Content\"";
				DEVELOPMENT_TEAM = Q8J2RFPGUP;
				ENABLE_PREVIEWS = YES;
				INFOPLIST_FILE = EdvoraAssessment/Info.plist;
				IPHONEOS_DEPLOYMENT_TARGET = 13.0;
				LD_RUNPATH_SEARCH_PATHS = (
					"$(inherited)",
					"@executable_path/Frameworks",
				);
				PRODUCT_BUNDLE_IDENTIFIER = com.Reyadios.EdvoraAssessment;
				PRODUCT_NAME = "$(TARGET_NAME)";
				SWIFT_VERSION = 5.0;
				TARGETED_DEVICE_FAMILY = "1,2";
			};
			name = Debug;
		};
		D7CD752E27B160BD004189D6 /* Release */ = {
			isa = XCBuildConfiguration;
			baseConfigurationReference = 6ACA3CF9580317E51CA759B2 /* Pods-EdvoraAssessment.release.xcconfig */;
			buildSettings = {
				ASSETCATALOG_COMPILER_APPICON_NAME = AppIcon;
				CODE_SIGN_STYLE = Automatic;
				DEVELOPMENT_ASSET_PATHS = "\"EdvoraAssessment/Preview Content\"";
				DEVELOPMENT_TEAM = Q8J2RFPGUP;
				ENABLE_PREVIEWS = YES;
				INFOPLIST_FILE = EdvoraAssessment/Info.plist;
				IPHONEOS_DEPLOYMENT_TARGET = 13.0;
				LD_RUNPATH_SEARCH_PATHS = (
					"$(inherited)",
					"@executable_path/Frameworks",
				);
				PRODUCT_BUNDLE_IDENTIFIER = com.Reyadios.EdvoraAssessment;
				PRODUCT_NAME = "$(TARGET_NAME)";
				SWIFT_VERSION = 5.0;
				TARGETED_DEVICE_FAMILY = "1,2";
			};
			name = Release;
		};
/* End XCBuildConfiguration section */

/* Begin XCConfigurationList section */
		D7CD751327B160BC004189D6 /* Build configuration list for PBXProject "EdvoraAssessment" */ = {
			isa = XCConfigurationList;
			buildConfigurations = (
				D7CD752A27B160BD004189D6 /* Debug */,
				D7CD752B27B160BD004189D6 /* Release */,
			);
			defaultConfigurationIsVisible = 0;
			defaultConfigurationName = Release;
		};
		D7CD752C27B160BD004189D6 /* Build configuration list for PBXNativeTarget "EdvoraAssessment" */ = {
			isa = XCConfigurationList;
			buildConfigurations = (
				D7CD752D27B160BD004189D6 /* Debug */,
				D7CD752E27B160BD004189D6 /* Release */,
			);
			defaultConfigurationIsVisible = 0;
			defaultConfigurationName = Release;
		};
/* End XCConfigurationList section */

/* Begin XCRemoteSwiftPackageReference section */
		D7A1F57F27B453EB0036F12D /* XCRemoteSwiftPackageReference "SDWebImageSwiftUI.git" */ = {
			isa = XCRemoteSwiftPackageReference;
			repositoryURL = "https://github.com/SDWebImage/SDWebImageSwiftUI.git";
			requirement = {
				kind = upToNextMajorVersion;
				minimumVersion = 0.1.0;
			};
		};
/* End XCRemoteSwiftPackageReference section */

/* Begin XCSwiftPackageProductDependency section */
		D7A1F58027B453EB0036F12D /* SDWebImageSwiftUI */ = {
			isa = XCSwiftPackageProductDependency;
			package = D7A1F57F27B453EB0036F12D /* XCRemoteSwiftPackageReference "SDWebImageSwiftUI.git" */;
			productName = SDWebImageSwiftUI;
		};
/* End XCSwiftPackageProductDependency section */
	};
	rootObject = D7CD751027B160BC004189D6 /* Project object */;
}
